
Microsoft Visual Studio Solution File, Format Version 12.00
# Visual Studio Version 17
VisualStudioVersion = 17.3.32929.385
MinimumVisualStudioVersion = 10.0.40219.1
Project("{FAE04EC0-301F-11D3-BF4B-00C04F79EFBC}") = "lamda", "lamda\lamda.csproj", "{1284DB64-8035-4D62-AB0A-12BED2C61B43}"
EndProject
Global
	GlobalSection(SolutionConfigurationPlatforms) = preSolution
		Debug|Any CPU = Debug|Any CPU
		Release|Any CPU = Release|Any CPU
	EndGlobalSection
	GlobalSection(ProjectConfigurationPlatforms) = postSolution
		{1284DB64-8035-4D62-AB0A-12BED2C61B43}.Debug|Any CPU.ActiveCfg = Debug|Any CPU
		{1284DB64-8035-4D62-AB0A-12BED2C61B43}.Debug|Any CPU.Build.0 = Debug|Any CPU
		{1284DB64-8035-4D62-AB0A-12BED2C61B43}.Release|Any CPU.ActiveCfg = Release|Any CPU
		{1284DB64-8035-4D62-AB0A-12BED2C61B43}.Release|Any CPU.Build.0 = Release|Any CPU
	EndGlobalSection
	GlobalSection(SolutionProperties) = preSolution
		HideSolutionNode = FALSE
	EndGlobalSection
	GlobalSection(ExtensibilityGlobals) = postSolution
		SolutionGuid = {00FCCFC6-DF9E-440B-92DA-E4EADFB91A14}
	EndGlobalSection
EndGlobal
