
Microsoft Visual Studio Solution File, Format Version 12.00
# Visual Studio Version 17
VisualStudioVersion = 17.3.32929.385
MinimumVisualStudioVersion = 10.0.40219.1
Project("{FAE04EC0-301F-11D3-BF4B-00C04F79EFBC}") = "natrix add", "natrix add\natrix add.csproj", "{268EDF44-BBA7-4D49-92BC-20E3084D1837}"
EndProject
Global
	GlobalSection(SolutionConfigurationPlatforms) = preSolution
		Debug|Any CPU = Debug|Any CPU
		Release|Any CPU = Release|Any CPU
	EndGlobalSection
	GlobalSection(ProjectConfigurationPlatforms) = postSolution
		{268EDF44-BBA7-4D49-92BC-20E3084D1837}.Debug|Any CPU.ActiveCfg = Debug|Any CPU
		{268EDF44-BBA7-4D49-92BC-20E3084D1837}.Debug|Any CPU.Build.0 = Debug|Any CPU
		{268EDF44-BBA7-4D49-92BC-20E3084D1837}.Release|Any CPU.ActiveCfg = Release|Any CPU
		{268EDF44-BBA7-4D49-92BC-20E3084D1837}.Release|Any CPU.Build.0 = Release|Any CPU
	EndGlobalSection
	GlobalSection(SolutionProperties) = preSolution
		HideSolutionNode = FALSE
	EndGlobalSection
	GlobalSection(ExtensibilityGlobals) = postSolution
		SolutionGuid = {3CB9E36B-E304-4183-93D9-863A6C4FD913}
	EndGlobalSection
EndGlobal
