
Microsoft Visual Studio Solution File, Format Version 12.00
# Visual Studio Version 17
VisualStudioVersion = 17.3.32929.385
MinimumVisualStudioVersion = 10.0.40219.1
Project("{FAE04EC0-301F-11D3-BF4B-00C04F79EFBC}") = "linq", "linq\linq.csproj", "{6E55AC9B-37EA-4D2E-AE41-CCCCF4D64508}"
EndProject
Global
	GlobalSection(SolutionConfigurationPlatforms) = preSolution
		Debug|Any CPU = Debug|Any CPU
		Release|Any CPU = Release|Any CPU
	EndGlobalSection
	GlobalSection(ProjectConfigurationPlatforms) = postSolution
		{6E55AC9B-37EA-4D2E-AE41-CCCCF4D64508}.Debug|Any CPU.ActiveCfg = Debug|Any CPU
		{6E55AC9B-37EA-4D2E-AE41-CCCCF4D64508}.Debug|Any CPU.Build.0 = Debug|Any CPU
		{6E55AC9B-37EA-4D2E-AE41-CCCCF4D64508}.Release|Any CPU.ActiveCfg = Release|Any CPU
		{6E55AC9B-37EA-4D2E-AE41-CCCCF4D64508}.Release|Any CPU.Build.0 = Release|Any CPU
	EndGlobalSection
	GlobalSection(SolutionProperties) = preSolution
		HideSolutionNode = FALSE
	EndGlobalSection
	GlobalSection(ExtensibilityGlobals) = postSolution
		SolutionGuid = {0F61CFAB-170C-4EDD-A2E4-B68F7F450003}
	EndGlobalSection
EndGlobal
